
Microsoft Visual Studio Solution File, Format Version 12.00
# Visual Studio Version 16
VisualStudioVersion = 16.0.30320.27
MinimumVisualStudioVersion = 10.0.40219.1
Project("{FAE04EC0-301F-11D3-BF4B-00C04F79EFBC}") = "AssertusApp", "AssertusApp\AssertusApp.csproj", "{CE6B123E-AD71-4413-8E5C-59AC25BA2BAA}"
EndProject
Global
	GlobalSection(SolutionConfigurationPlatforms) = preSolution
		Debug|Any CPU = Debug|Any CPU
		Release|Any CPU = Release|Any CPU
	EndGlobalSection
	GlobalSection(ProjectConfigurationPlatforms) = postSolution
		{CE6B123E-AD71-4413-8E5C-59AC25BA2BAA}.Debug|Any CPU.ActiveCfg = Debug|Any CPU
		{CE6B123E-AD71-4413-8E5C-59AC25BA2BAA}.Debug|Any CPU.Build.0 = Debug|Any CPU
		{CE6B123E-AD71-4413-8E5C-59AC25BA2BAA}.Release|Any CPU.ActiveCfg = Release|Any CPU
		{CE6B123E-AD71-4413-8E5C-59AC25BA2BAA}.Release|Any CPU.Build.0 = Release|Any CPU
	EndGlobalSection
	GlobalSection(SolutionProperties) = preSolution
		HideSolutionNode = FALSE
	EndGlobalSection
	GlobalSection(ExtensibilityGlobals) = postSolution
		SolutionGuid = {7ED0405B-A5EE-42B1-BF38-B8E6132EDC64}
	EndGlobalSection
EndGlobal
